// !$*UTF8*$!
{
	archiveVersion = 1;
	classes = {
	};
	objectVersion = 77;
	objects = {

/* Begin PBXBuildFile section */
		C6AE3E092D60E80100E8B612 /* Preview Assets.xcassets in Resources */ = {isa = PBXBuildFile; fileRef = C6AE3E022D60E80100E8B612 /* Preview Assets.xcassets */; };
		C6AE3E0A2D60E80100E8B612 /* Assets.xcassets in Resources */ = {isa = PBXBuildFile; fileRef = C6AE3E042D60E80100E8B612 /* Assets.xcassets */; };
		C6AE3E0C2D60E80100E8B612 /* SwiftDataSupabaseTestAIApp.swift in Sources */ = {isa = PBXBuildFile; fileRef = C6AE3E072D60E80100E8B612 /* SwiftDataSupabaseTestAIApp.swift */; };
		C6AE3E0F2D60E82000E8B612 /* Author.swift in Sources */ = {isa = PBXBuildFile; fileRef = C6AE3E0E2D60E82000E8B612 /* Author.swift */; };
		C6AE3E122D60EC9D00E8B612 /* Secrets.swift in Sources */ = {isa = PBXBuildFile; fileRef = C6AE3E112D60EC9D00E8B612 /* Secrets.swift */; };
		C6AE3E152D60ECE000E8B612 /* Auth in Frameworks */ = {isa = PBXBuildFile; productRef = C6AE3E142D60ECE000E8B612 /* Auth */; };
		C6AE3E172D60ECE000E8B612 /* Functions in Frameworks */ = {isa = PBXBuildFile; productRef = C6AE3E162D60ECE000E8B612 /* Functions */; };
		C6AE3E192D60ECE000E8B612 /* PostgREST in Frameworks */ = {isa = PBXBuildFile; productRef = C6AE3E182D60ECE000E8B612 /* PostgREST */; };
		C6AE3E1B2D60ECE000E8B612 /* Realtime in Frameworks */ = {isa = PBXBuildFile; productRef = C6AE3E1A2D60ECE000E8B612 /* Realtime */; };
		C6AE3E1D2D60ECE000E8B612 /* Storage in Frameworks */ = {isa = PBXBuildFile; productRef = C6AE3E1C2D60ECE000E8B612 /* Storage */; };
		C6AE3E202D60ED1400E8B612 /* Supabase in Frameworks */ = {isa = PBXBuildFile; productRef = C6AE3E1F2D60ED1400E8B612 /* Supabase */; };
		C6AE3E272D60EEFC00E8B612 /* BuecherView.swift in Sources */ = {isa = PBXBuildFile; fileRef = C6AE3E232D60EEFC00E8B612 /* BuecherView.swift */; };
		C6AE3E282D60EEFC00E8B612 /* AutorDetails.swift in Sources */ = {isa = PBXBuildFile; fileRef = C6AE3E242D60EEFC00E8B612 /* AutorDetails.swift */; };
		C6AE3E292D60EEFC00E8B612 /* BuchDetails.swift in Sources */ = {isa = PBXBuildFile; fileRef = C6AE3E252D60EEFC00E8B612 /* BuchDetails.swift */; };
		C6AE3E2A2D60EEFC00E8B612 /* AutorenView.swift in Sources */ = {isa = PBXBuildFile; fileRef = C6AE3E222D60EEFC00E8B612 /* AutorenView.swift */; };
		C6AE3E2B2D60EEFC00E8B612 /* ContentView.swift in Sources */ = {isa = PBXBuildFile; fileRef = C6AE3E212D60EEFC00E8B612 /* ContentView.swift */; };
		C6AE3E2D2D60EF6B00E8B612 /* SupabaseSyncManager.swift in Sources */ = {isa = PBXBuildFile; fileRef = C6AE3E2C2D60EF6B00E8B612 /* SupabaseSyncManager.swift */; };
		C6AE3E2F2D60F08600E8B612 /* AuthVM.swift in Sources */ = {isa = PBXBuildFile; fileRef = C6AE3E2E2D60F08600E8B612 /* AuthVM.swift */; };
		C6AE3E312D60F0E100E8B612 /* AuthView.swift in Sources */ = {isa = PBXBuildFile; fileRef = C6AE3E302D60F0E100E8B612 /* AuthView.swift */; };
		C6AE3E332D60F58500E8B612 /* Book.swift in Sources */ = {isa = PBXBuildFile; fileRef = C6AE3E322D60F58500E8B612 /* Book.swift */; };
		C6AE3E352D60F58900E8B612 /* Country.swift in Sources */ = {isa = PBXBuildFile; fileRef = C6AE3E342D60F58900E8B612 /* Country.swift */; };
		C6AE3E372D60F58E00E8B612 /* Category.swift in Sources */ = {isa = PBXBuildFile; fileRef = C6AE3E362D60F58E00E8B612 /* Category.swift */; };
		C6AE3E3D2D60F64700E8B612 /* NewAutorSheet.swift in Sources */ = {isa = PBXBuildFile; fileRef = C6AE3E382D60F64700E8B612 /* NewAutorSheet.swift */; };
		C6AE3E3E2D60F64700E8B612 /* NewBuchSheet.swift in Sources */ = {isa = PBXBuildFile; fileRef = C6AE3E392D60F64700E8B612 /* NewBuchSheet.swift */; };
		C6AE3E3F2D60F64700E8B612 /* NewSheet.swift in Sources */ = {isa = PBXBuildFile; fileRef = C6AE3E3B2D60F64700E8B612 /* NewSheet.swift */; };
/* End PBXBuildFile section */

/* Begin PBXFileReference section */
		C6AE3DF02D60E6D300E8B612 /* SwiftDataSupabaseTestAI.app */ = {isa = PBXFileReference; explicitFileType = wrapper.application; includeInIndex = 0; path = SwiftDataSupabaseTestAI.app; sourceTree = BUILT_PRODUCTS_DIR; };
		C6AE3E022D60E80100E8B612 /* Preview Assets.xcassets */ = {isa = PBXFileReference; lastKnownFileType = folder.assetcatalog; path = "Preview Assets.xcassets"; sourceTree = "<group>"; };
		C6AE3E042D60E80100E8B612 /* Assets.xcassets */ = {isa = PBXFileReference; lastKnownFileType = folder.assetcatalog; path = Assets.xcassets; sourceTree = "<group>"; };
		C6AE3E062D60E80100E8B612 /* SwiftDataSupabaseTestAI.entitlements */ = {isa = PBXFileReference; lastKnownFileType = text.plist.entitlements; path = SwiftDataSupabaseTestAI.entitlements; sourceTree = "<group>"; };
		C6AE3E072D60E80100E8B612 /* SwiftDataSupabaseTestAIApp.swift */ = {isa = PBXFileReference; lastKnownFileType = sourcecode.swift; path = SwiftDataSupabaseTestAIApp.swift; sourceTree = "<group>"; };
		C6AE3E0E2D60E82000E8B612 /* Author.swift */ = {isa = PBXFileReference; lastKnownFileType = sourcecode.swift; path = Author.swift; sourceTree = "<group>"; };
		C6AE3E112D60EC9D00E8B612 /* Secrets.swift */ = {isa = PBXFileReference; lastKnownFileType = sourcecode.swift; path = Secrets.swift; sourceTree = "<group>"; };
		C6AE3E212D60EEFC00E8B612 /* ContentView.swift */ = {isa = PBXFileReference; lastKnownFileType = sourcecode.swift; path = ContentView.swift; sourceTree = "<group>"; };
		C6AE3E222D60EEFC00E8B612 /* AutorenView.swift */ = {isa = PBXFileReference; lastKnownFileType = sourcecode.swift; path = AutorenView.swift; sourceTree = "<group>"; };
		C6AE3E232D60EEFC00E8B612 /* BuecherView.swift */ = {isa = PBXFileReference; lastKnownFileType = sourcecode.swift; path = BuecherView.swift; sourceTree = "<group>"; };
		C6AE3E242D60EEFC00E8B612 /* AutorDetails.swift */ = {isa = PBXFileReference; lastKnownFileType = sourcecode.swift; path = AutorDetails.swift; sourceTree = "<group>"; };
		C6AE3E252D60EEFC00E8B612 /* BuchDetails.swift */ = {isa = PBXFileReference; lastKnownFileType = sourcecode.swift; path = BuchDetails.swift; sourceTree = "<group>"; };
		C6AE3E2C2D60EF6B00E8B612 /* SupabaseSyncManager.swift */ = {isa = PBXFileReference; lastKnownFileType = sourcecode.swift; path = SupabaseSyncManager.swift; sourceTree = "<group>"; };
		C6AE3E2E2D60F08600E8B612 /* AuthVM.swift */ = {isa = PBXFileReference; lastKnownFileType = sourcecode.swift; path = AuthVM.swift; sourceTree = "<group>"; };
		C6AE3E302D60F0E100E8B612 /* AuthView.swift */ = {isa = PBXFileReference; lastKnownFileType = sourcecode.swift; path = AuthView.swift; sourceTree = "<group>"; };
		C6AE3E322D60F58500E8B612 /* Book.swift */ = {isa = PBXFileReference; fileEncoding = 4; lastKnownFileType = sourcecode.swift; path = Book.swift; sourceTree = "<group>"; };
		C6AE3E342D60F58900E8B612 /* Country.swift */ = {isa = PBXFileReference; fileEncoding = 4; lastKnownFileType = sourcecode.swift; path = Country.swift; sourceTree = "<group>"; };
		C6AE3E362D60F58E00E8B612 /* Category.swift */ = {isa = PBXFileReference; fileEncoding = 4; lastKnownFileType = sourcecode.swift; path = Category.swift; sourceTree = "<group>"; };
		C6AE3E382D60F64700E8B612 /* NewAutorSheet.swift */ = {isa = PBXFileReference; lastKnownFileType = sourcecode.swift; path = NewAutorSheet.swift; sourceTree = "<group>"; };
		C6AE3E392D60F64700E8B612 /* NewBuchSheet.swift */ = {isa = PBXFileReference; lastKnownFileType = sourcecode.swift; path = NewBuchSheet.swift; sourceTree = "<group>"; };
		C6AE3E3B2D60F64700E8B612 /* NewSheet.swift */ = {isa = PBXFileReference; lastKnownFileType = sourcecode.swift; path = NewSheet.swift; sourceTree = "<group>"; };
/* End PBXFileReference section */

/* Begin PBXFrameworksBuildPhase section */
		C6AE3DED2D60E6D300E8B612 /* Frameworks */ = {
			isa = PBXFrameworksBuildPhase;
			buildActionMask = 2147483647;
			files = (
				C6AE3E192D60ECE000E8B612 /* PostgREST in Frameworks */,
				C6AE3E172D60ECE000E8B612 /* Functions in Frameworks */,
				C6AE3E202D60ED1400E8B612 /* Supabase in Frameworks */,
				C6AE3E152D60ECE000E8B612 /* Auth in Frameworks */,
				C6AE3E1D2D60ECE000E8B612 /* Storage in Frameworks */,
				C6AE3E1B2D60ECE000E8B612 /* Realtime in Frameworks */,
			);
			runOnlyForDeploymentPostprocessing = 0;
		};
/* End PBXFrameworksBuildPhase section */

/* Begin PBXGroup section */
		C6AE3DE72D60E6D300E8B612 = {
			isa = PBXGroup;
			children = (
				C6AE3E082D60E80100E8B612 /* SwiftDataSupabaseTestAI */,
				C6AE3E1E2D60ED1400E8B612 /* Frameworks */,
				C6AE3DF12D60E6D300E8B612 /* Products */,
			);
			sourceTree = "<group>";
		};
		C6AE3DF12D60E6D300E8B612 /* Products */ = {
			isa = PBXGroup;
			children = (
				C6AE3DF02D60E6D300E8B612 /* SwiftDataSupabaseTestAI.app */,
			);
			name = Products;
			sourceTree = "<group>";
		};
		C6AE3E032D60E80100E8B612 /* Preview Content */ = {
			isa = PBXGroup;
			children = (
				C6AE3E022D60E80100E8B612 /* Preview Assets.xcassets */,
			);
			path = "Preview Content";
			sourceTree = "<group>";
		};
		C6AE3E082D60E80100E8B612 /* SwiftDataSupabaseTestAI */ = {
			isa = PBXGroup;
			children = (
				C6AE3E072D60E80100E8B612 /* SwiftDataSupabaseTestAIApp.swift */,
				C6AE3E102D60EC9000E8B612 /* Supabase */,
				C6AE3E0D2D60E81500E8B612 /* Model */,
				C6AE3E262D60EEFC00E8B612 /* Views */,
				C6AE3E3A2D60F64700E8B612 /* Sheets */,
				C6AE3E3C2D60F64700E8B612 /* Helpers */,
				C6AE3E042D60E80100E8B612 /* Assets.xcassets */,
				C6AE3E062D60E80100E8B612 /* SwiftDataSupabaseTestAI.entitlements */,
				C6AE3E032D60E80100E8B612 /* Preview Content */,
			);
			path = SwiftDataSupabaseTestAI;
			sourceTree = "<group>";
		};
		C6AE3E0D2D60E81500E8B612 /* Model */ = {
			isa = PBXGroup;
			children = (
				C6AE3E0E2D60E82000E8B612 /* Author.swift */,
				C6AE3E322D60F58500E8B612 /* Book.swift */,
				C6AE3E362D60F58E00E8B612 /* Category.swift */,
				C6AE3E342D60F58900E8B612 /* Country.swift */,
			);
			path = Model;
			sourceTree = "<group>";
		};
		C6AE3E102D60EC9000E8B612 /* Supabase */ = {
			isa = PBXGroup;
			children = (
				C6AE3E112D60EC9D00E8B612 /* Secrets.swift */,
				C6AE3E2E2D60F08600E8B612 /* AuthVM.swift */,
				C6AE3E2C2D60EF6B00E8B612 /* SupabaseSyncManager.swift */,
			);
			path = Supabase;
			sourceTree = "<group>";
		};
		C6AE3E1E2D60ED1400E8B612 /* Frameworks */ = {
			isa = PBXGroup;
			children = (
			);
			name = Frameworks;
			sourceTree = "<group>";
		};
		C6AE3E262D60EEFC00E8B612 /* Views */ = {
			isa = PBXGroup;
			children = (
				C6AE3E302D60F0E100E8B612 /* AuthView.swift */,
				C6AE3E212D60EEFC00E8B612 /* ContentView.swift */,
				C6AE3E222D60EEFC00E8B612 /* AutorenView.swift */,
				C6AE3E232D60EEFC00E8B612 /* BuecherView.swift */,
				C6AE3E242D60EEFC00E8B612 /* AutorDetails.swift */,
				C6AE3E252D60EEFC00E8B612 /* BuchDetails.swift */,
			);
			path = Views;
			sourceTree = "<group>";
		};
		C6AE3E3A2D60F64700E8B612 /* Sheets */ = {
			isa = PBXGroup;
			children = (
				C6AE3E382D60F64700E8B612 /* NewAutorSheet.swift */,
				C6AE3E392D60F64700E8B612 /* NewBuchSheet.swift */,
			);
			path = Sheets;
			sourceTree = "<group>";
		};
		C6AE3E3C2D60F64700E8B612 /* Helpers */ = {
			isa = PBXGroup;
			children = (
				C6AE3E3B2D60F64700E8B612 /* NewSheet.swift */,
			);
			path = Helpers;
			sourceTree = "<group>";
		};
/* End PBXGroup section */

/* Begin PBXNativeTarget section */
		C6AE3DEF2D60E6D300E8B612 /* SwiftDataSupabaseTestAI */ = {
			isa = PBXNativeTarget;
			buildConfigurationList = C6AE3DFF2D60E6D500E8B612 /* Build configuration list for PBXNativeTarget "SwiftDataSupabaseTestAI" */;
			buildPhases = (
				C6AE3DEC2D60E6D300E8B612 /* Sources */,
				C6AE3DED2D60E6D300E8B612 /* Frameworks */,
				C6AE3DEE2D60E6D300E8B612 /* Resources */,
			);
			buildRules = (
			);
			dependencies = (
			);
			name = SwiftDataSupabaseTestAI;
			packageProductDependencies = (
				C6AE3E142D60ECE000E8B612 /* Auth */,
				C6AE3E162D60ECE000E8B612 /* Functions */,
				C6AE3E182D60ECE000E8B612 /* PostgREST */,
				C6AE3E1A2D60ECE000E8B612 /* Realtime */,
				C6AE3E1C2D60ECE000E8B612 /* Storage */,
				C6AE3E1F2D60ED1400E8B612 /* Supabase */,
			);
			productName = SwiftDataSupabaseTestAI;
			productReference = C6AE3DF02D60E6D300E8B612 /* SwiftDataSupabaseTestAI.app */;
			productType = "com.apple.product-type.application";
		};
/* End PBXNativeTarget section */

/* Begin PBXProject section */
		C6AE3DE82D60E6D300E8B612 /* Project object */ = {
			isa = PBXProject;
			attributes = {
				BuildIndependentTargetsInParallel = 1;
				LastSwiftUpdateCheck = 1620;
				LastUpgradeCheck = 1620;
				TargetAttributes = {
					C6AE3DEF2D60E6D300E8B612 = {
						CreatedOnToolsVersion = 16.2;
					};
				};
			};
			buildConfigurationList = C6AE3DEB2D60E6D300E8B612 /* Build configuration list for PBXProject "SwiftDataSupabaseTestAI" */;
			developmentRegion = en;
			hasScannedForEncodings = 0;
			knownRegions = (
				en,
				Base,
			);
			mainGroup = C6AE3DE72D60E6D300E8B612;
			minimizedProjectReferenceProxies = 1;
			packageReferences = (
				C6AE3E132D60ECE000E8B612 /* XCRemoteSwiftPackageReference "supabase-swift" */,
			);
			preferredProjectObjectVersion = 77;
			productRefGroup = C6AE3DF12D60E6D300E8B612 /* Products */;
			projectDirPath = "";
			projectRoot = "";
			targets = (
				C6AE3DEF2D60E6D300E8B612 /* SwiftDataSupabaseTestAI */,
			);
		};
/* End PBXProject section */

/* Begin PBXResourcesBuildPhase section */
		C6AE3DEE2D60E6D300E8B612 /* Resources */ = {
			isa = PBXResourcesBuildPhase;
			buildActionMask = 2147483647;
			files = (
				C6AE3E092D60E80100E8B612 /* Preview Assets.xcassets in Resources */,
				C6AE3E0A2D60E80100E8B612 /* Assets.xcassets in Resources */,
			);
			runOnlyForDeploymentPostprocessing = 0;
		};
/* End PBXResourcesBuildPhase section */

/* Begin PBXSourcesBuildPhase section */
		C6AE3DEC2D60E6D300E8B612 /* Sources */ = {
			isa = PBXSourcesBuildPhase;
			buildActionMask = 2147483647;
			files = (
				C6AE3E2F2D60F08600E8B612 /* AuthVM.swift in Sources */,
				C6AE3E3D2D60F64700E8B612 /* NewAutorSheet.swift in Sources */,
				C6AE3E3E2D60F64700E8B612 /* NewBuchSheet.swift in Sources */,
				C6AE3E3F2D60F64700E8B612 /* NewSheet.swift in Sources */,
				C6AE3E0F2D60E82000E8B612 /* Author.swift in Sources */,
				C6AE3E272D60EEFC00E8B612 /* BuecherView.swift in Sources */,
				C6AE3E282D60EEFC00E8B612 /* AutorDetails.swift in Sources */,
				C6AE3E352D60F58900E8B612 /* Country.swift in Sources */,
				C6AE3E2D2D60EF6B00E8B612 /* SupabaseSyncManager.swift in Sources */,
				C6AE3E292D60EEFC00E8B612 /* BuchDetails.swift in Sources */,
				C6AE3E2A2D60EEFC00E8B612 /* AutorenView.swift in Sources */,
				C6AE3E2B2D60EEFC00E8B612 /* ContentView.swift in Sources */,
				C6AE3E332D60F58500E8B612 /* Book.swift in Sources */,
				C6AE3E122D60EC9D00E8B612 /* Secrets.swift in Sources */,
				C6AE3E312D60F0E100E8B612 /* AuthView.swift in Sources */,
				C6AE3E0C2D60E80100E8B612 /* SwiftDataSupabaseTestAIApp.swift in Sources */,
				C6AE3E372D60F58E00E8B612 /* Category.swift in Sources */,
			);
			runOnlyForDeploymentPostprocessing = 0;
		};
/* End PBXSourcesBuildPhase section */

/* Begin XCBuildConfiguration section */
		C6AE3DFD2D60E6D500E8B612 /* Debug */ = {
			isa = XCBuildConfiguration;
			buildSettings = {
				ALWAYS_SEARCH_USER_PATHS = NO;
				ASSETCATALOG_COMPILER_GENERATE_SWIFT_ASSET_SYMBOL_EXTENSIONS = YES;
				CLANG_ANALYZER_NONNULL = YES;
				CLANG_ANALYZER_NUMBER_OBJECT_CONVERSION = YES_AGGRESSIVE;
				CLANG_CXX_LANGUAGE_STANDARD = "gnu++20";
				CLANG_ENABLE_MODULES = YES;
				CLANG_ENABLE_OBJC_ARC = YES;
				CLANG_ENABLE_OBJC_WEAK = YES;
				CLANG_WARN_BLOCK_CAPTURE_AUTORELEASING = YES;
				CLANG_WARN_BOOL_CONVERSION = YES;
				CLANG_WARN_COMMA = YES;
				CLANG_WARN_CONSTANT_CONVERSION = YES;
				CLANG_WARN_DEPRECATED_OBJC_IMPLEMENTATIONS = YES;
				CLANG_WARN_DIRECT_OBJC_ISA_USAGE = YES_ERROR;
				CLANG_WARN_DOCUMENTATION_COMMENTS = YES;
				CLANG_WARN_EMPTY_BODY = YES;
				CLANG_WARN_ENUM_CONVERSION = YES;
				CLANG_WARN_INFINITE_RECURSION = YES;
				CLANG_WARN_INT_CONVERSION = YES;
				CLANG_WARN_NON_LITERAL_NULL_CONVERSION = YES;
				CLANG_WARN_OBJC_IMPLICIT_RETAIN_SELF = YES;
				CLANG_WARN_OBJC_LITERAL_CONVERSION = YES;
				CLANG_WARN_OBJC_ROOT_CLASS = YES_ERROR;
				CLANG_WARN_QUOTED_INCLUDE_IN_FRAMEWORK_HEADER = YES;
				CLANG_WARN_RANGE_LOOP_ANALYSIS = YES;
				CLANG_WARN_STRICT_PROTOTYPES = YES;
				CLANG_WARN_SUSPICIOUS_MOVE = YES;
				CLANG_WARN_UNGUARDED_AVAILABILITY = YES_AGGRESSIVE;
				CLANG_WARN_UNREACHABLE_CODE = YES;
				CLANG_WARN__DUPLICATE_METHOD_MATCH = YES;
				COPY_PHASE_STRIP = NO;
				DEBUG_INFORMATION_FORMAT = dwarf;
				ENABLE_STRICT_OBJC_MSGSEND = YES;
				ENABLE_TESTABILITY = YES;
				ENABLE_USER_SCRIPT_SANDBOXING = YES;
				GCC_C_LANGUAGE_STANDARD = gnu17;
				GCC_DYNAMIC_NO_PIC = NO;
				GCC_NO_COMMON_BLOCKS = YES;
				GCC_OPTIMIZATION_LEVEL = 0;
				GCC_PREPROCESSOR_DEFINITIONS = (
					"DEBUG=1",
					"$(inherited)",
				);
				GCC_WARN_64_TO_32_BIT_CONVERSION = YES;
				GCC_WARN_ABOUT_RETURN_TYPE = YES_ERROR;
				GCC_WARN_UNDECLARED_SELECTOR = YES;
				GCC_WARN_UNINITIALIZED_AUTOS = YES_AGGRESSIVE;
				GCC_WARN_UNUSED_FUNCTION = YES;
				GCC_WARN_UNUSED_VARIABLE = YES;
				LOCALIZATION_PREFERS_STRING_CATALOGS = YES;
				MACOSX_DEPLOYMENT_TARGET = 15.2;
				MTL_ENABLE_DEBUG_INFO = INCLUDE_SOURCE;
				MTL_FAST_MATH = YES;
				ONLY_ACTIVE_ARCH = YES;
				SDKROOT = macosx;
				SWIFT_ACTIVE_COMPILATION_CONDITIONS = "DEBUG $(inherited)";
				SWIFT_OPTIMIZATION_LEVEL = "-Onone";
			};
			name = Debug;
		};
		C6AE3DFE2D60E6D500E8B612 /* Release */ = {
			isa = XCBuildConfiguration;
			buildSettings = {
				ALWAYS_SEARCH_USER_PATHS = NO;
				ASSETCATALOG_COMPILER_GENERATE_SWIFT_ASSET_SYMBOL_EXTENSIONS = YES;
				CLANG_ANALYZER_NONNULL = YES;
				CLANG_ANALYZER_NUMBER_OBJECT_CONVERSION = YES_AGGRESSIVE;
				CLANG_CXX_LANGUAGE_STANDARD = "gnu++20";
				CLANG_ENABLE_MODULES = YES;
				CLANG_ENABLE_OBJC_ARC = YES;
				CLANG_ENABLE_OBJC_WEAK = YES;
				CLANG_WARN_BLOCK_CAPTURE_AUTORELEASING = YES;
				CLANG_WARN_BOOL_CONVERSION = YES;
				CLANG_WARN_COMMA = YES;
				CLANG_WARN_CONSTANT_CONVERSION = YES;
				CLANG_WARN_DEPRECATED_OBJC_IMPLEMENTATIONS = YES;
				CLANG_WARN_DIRECT_OBJC_ISA_USAGE = YES_ERROR;
				CLANG_WARN_DOCUMENTATION_COMMENTS = YES;
				CLANG_WARN_EMPTY_BODY = YES;
				CLANG_WARN_ENUM_CONVERSION = YES;
				CLANG_WARN_INFINITE_RECURSION = YES;
				CLANG_WARN_INT_CONVERSION = YES;
				CLANG_WARN_NON_LITERAL_NULL_CONVERSION = YES;
				CLANG_WARN_OBJC_IMPLICIT_RETAIN_SELF = YES;
				CLANG_WARN_OBJC_LITERAL_CONVERSION = YES;
				CLANG_WARN_OBJC_ROOT_CLASS = YES_ERROR;
				CLANG_WARN_QUOTED_INCLUDE_IN_FRAMEWORK_HEADER = YES;
				CLANG_WARN_RANGE_LOOP_ANALYSIS = YES;
				CLANG_WARN_STRICT_PROTOTYPES = YES;
				CLANG_WARN_SUSPICIOUS_MOVE = YES;
				CLANG_WARN_UNGUARDED_AVAILABILITY = YES_AGGRESSIVE;
				CLANG_WARN_UNREACHABLE_CODE = YES;
				CLANG_WARN__DUPLICATE_METHOD_MATCH = YES;
				COPY_PHASE_STRIP = NO;
				DEBUG_INFORMATION_FORMAT = "dwarf-with-dsym";
				ENABLE_NS_ASSERTIONS = NO;
				ENABLE_STRICT_OBJC_MSGSEND = YES;
				ENABLE_USER_SCRIPT_SANDBOXING = YES;
				GCC_C_LANGUAGE_STANDARD = gnu17;
				GCC_NO_COMMON_BLOCKS = YES;
				GCC_WARN_64_TO_32_BIT_CONVERSION = YES;
				GCC_WARN_ABOUT_RETURN_TYPE = YES_ERROR;
				GCC_WARN_UNDECLARED_SELECTOR = YES;
				GCC_WARN_UNINITIALIZED_AUTOS = YES_AGGRESSIVE;
				GCC_WARN_UNUSED_FUNCTION = YES;
				GCC_WARN_UNUSED_VARIABLE = YES;
				LOCALIZATION_PREFERS_STRING_CATALOGS = YES;
				MACOSX_DEPLOYMENT_TARGET = 15.2;
				MTL_ENABLE_DEBUG_INFO = NO;
				MTL_FAST_MATH = YES;
				SDKROOT = macosx;
				SWIFT_COMPILATION_MODE = wholemodule;
			};
			name = Release;
		};
		C6AE3E002D60E6D500E8B612 /* Debug */ = {
			isa = XCBuildConfiguration;
			buildSettings = {
				ASSETCATALOG_COMPILER_APPICON_NAME = AppIcon;
				ASSETCATALOG_COMPILER_GLOBAL_ACCENT_COLOR_NAME = AccentColor;
				CODE_SIGN_ENTITLEMENTS = SwiftDataSupabaseTestAI/SwiftDataSupabaseTestAI.entitlements;
				CODE_SIGN_STYLE = Automatic;
				COMBINE_HIDPI_IMAGES = YES;
				CURRENT_PROJECT_VERSION = 1;
				DEVELOPMENT_ASSET_PATHS = "\"SwiftDataSupabaseTestAI/Preview Content\"";
				DEVELOPMENT_TEAM = TFWZ5CV5G4;
				ENABLE_HARDENED_RUNTIME = YES;
				ENABLE_PREVIEWS = YES;
				GENERATE_INFOPLIST_FILE = YES;
				INFOPLIST_KEY_NSHumanReadableCopyright = "";
				LD_RUNPATH_SEARCH_PATHS = (
					"$(inherited)",
					"@executable_path/../Frameworks",
				);
				MARKETING_VERSION = 1.0;
				PRODUCT_BUNDLE_IDENTIFIER = de.rohrers.SwiftDataSupabaseTestAI;
				PRODUCT_NAME = "$(TARGET_NAME)";
				SWIFT_EMIT_LOC_STRINGS = YES;
				SWIFT_VERSION = 5.0;
			};
			name = Debug;
		};
		C6AE3E012D60E6D500E8B612 /* Release */ = {
			isa = XCBuildConfiguration;
			buildSettings = {
				ASSETCATALOG_COMPILER_APPICON_NAME = AppIcon;
				ASSETCATALOG_COMPILER_GLOBAL_ACCENT_COLOR_NAME = AccentColor;
				CODE_SIGN_ENTITLEMENTS = SwiftDataSupabaseTestAI/SwiftDataSupabaseTestAI.entitlements;
				CODE_SIGN_STYLE = Automatic;
				COMBINE_HIDPI_IMAGES = YES;
				CURRENT_PROJECT_VERSION = 1;
				DEVELOPMENT_ASSET_PATHS = "\"SwiftDataSupabaseTestAI/Preview Content\"";
				DEVELOPMENT_TEAM = TFWZ5CV5G4;
				ENABLE_HARDENED_RUNTIME = YES;
				ENABLE_PREVIEWS = YES;
				GENERATE_INFOPLIST_FILE = YES;
				INFOPLIST_KEY_NSHumanReadableCopyright = "";
				LD_RUNPATH_SEARCH_PATHS = (
					"$(inherited)",
					"@executable_path/../Frameworks",
				);
				MARKETING_VERSION = 1.0;
				PRODUCT_BUNDLE_IDENTIFIER = de.rohrers.SwiftDataSupabaseTestAI;
				PRODUCT_NAME = "$(TARGET_NAME)";
				SWIFT_EMIT_LOC_STRINGS = YES;
				SWIFT_VERSION = 5.0;
			};
			name = Release;
		};
/* End XCBuildConfiguration section */

/* Begin XCConfigurationList section */
		C6AE3DEB2D60E6D300E8B612 /* Build configuration list for PBXProject "SwiftDataSupabaseTestAI" */ = {
			isa = XCConfigurationList;
			buildConfigurations = (
				C6AE3DFD2D60E6D500E8B612 /* Debug */,
				C6AE3DFE2D60E6D500E8B612 /* Release */,
			);
			defaultConfigurationIsVisible = 0;
			defaultConfigurationName = Release;
		};
		C6AE3DFF2D60E6D500E8B612 /* Build configuration list for PBXNativeTarget "SwiftDataSupabaseTestAI" */ = {
			isa = XCConfigurationList;
			buildConfigurations = (
				C6AE3E002D60E6D500E8B612 /* Debug */,
				C6AE3E012D60E6D500E8B612 /* Release */,
			);
			defaultConfigurationIsVisible = 0;
			defaultConfigurationName = Release;
		};
/* End XCConfigurationList section */

/* Begin XCRemoteSwiftPackageReference section */
		C6AE3E132D60ECE000E8B612 /* XCRemoteSwiftPackageReference "supabase-swift" */ = {
			isa = XCRemoteSwiftPackageReference;
			repositoryURL = "https://github.com/supabase-community/supabase-swift.git";
			requirement = {
				kind = upToNextMajorVersion;
				minimumVersion = 2.5.1;
			};
		};
/* End XCRemoteSwiftPackageReference section */

/* Begin XCSwiftPackageProductDependency section */
		C6AE3E142D60ECE000E8B612 /* Auth */ = {
			isa = XCSwiftPackageProductDependency;
			package = C6AE3E132D60ECE000E8B612 /* XCRemoteSwiftPackageReference "supabase-swift" */;
			productName = Auth;
		};
		C6AE3E162D60ECE000E8B612 /* Functions */ = {
			isa = XCSwiftPackageProductDependency;
			package = C6AE3E132D60ECE000E8B612 /* XCRemoteSwiftPackageReference "supabase-swift" */;
			productName = Functions;
		};
		C6AE3E182D60ECE000E8B612 /* PostgREST */ = {
			isa = XCSwiftPackageProductDependency;
			package = C6AE3E132D60ECE000E8B612 /* XCRemoteSwiftPackageReference "supabase-swift" */;
			productName = PostgREST;
		};
		C6AE3E1A2D60ECE000E8B612 /* Realtime */ = {
			isa = XCSwiftPackageProductDependency;
			package = C6AE3E132D60ECE000E8B612 /* XCRemoteSwiftPackageReference "supabase-swift" */;
			productName = Realtime;
		};
		C6AE3E1C2D60ECE000E8B612 /* Storage */ = {
			isa = XCSwiftPackageProductDependency;
			package = C6AE3E132D60ECE000E8B612 /* XCRemoteSwiftPackageReference "supabase-swift" */;
			productName = Storage;
		};
		C6AE3E1F2D60ED1400E8B612 /* Supabase */ = {
			isa = XCSwiftPackageProductDependency;
			package = C6AE3E132D60ECE000E8B612 /* XCRemoteSwiftPackageReference "supabase-swift" */;
			productName = Supabase;
		};
/* End XCSwiftPackageProductDependency section */
	};
	rootObject = C6AE3DE82D60E6D300E8B612 /* Project object */;
}
